
Microsoft Visual Studio Solution File, Format Version 12.00
# Visual Studio 15
VisualStudioVersion = 15.0.28010.2003
MinimumVisualStudioVersion = 10.0.40219.1
Project("{2150E333-8FDC-42A3-9474-1A3956D46DE8}") = "CSharp", "CSharp", "{1147DBBC-3779-430E-A766-3B050ACC6F3B}"
EndProject
Project("{FAE04EC0-301F-11D3-BF4B-00C04F79EFBC}") = "crowd-detection", "CSharp\crowd-detection.csproj", "{70DBE6EF-036D-4034-A925-A06C3341640E}"
EndProject
Global
	GlobalSection(SolutionConfigurationPlatforms) = preSolution
		Debug|Any CPU = Debug|Any CPU
		Release|Any CPU = Release|Any CPU
	EndGlobalSection
	GlobalSection(ProjectConfigurationPlatforms) = postSolution
		{70DBE6EF-036D-4034-A925-A06C3341640E}.Debug|Any CPU.ActiveCfg = Debug|Any CPU
		{70DBE6EF-036D-4034-A925-A06C3341640E}.Debug|Any CPU.Build.0 = Debug|Any CPU
		{70DBE6EF-036D-4034-A925-A06C3341640E}.Release|Any CPU.ActiveCfg = Release|Any CPU
		{70DBE6EF-036D-4034-A925-A06C3341640E}.Release|Any CPU.Build.0 = Release|Any CPU
	EndGlobalSection
	GlobalSection(SolutionProperties) = preSolution
		HideSolutionNode = FALSE
	EndGlobalSection
	GlobalSection(NestedProjects) = preSolution
		{70DBE6EF-036D-4034-A925-A06C3341640E} = {1147DBBC-3779-430E-A766-3B050ACC6F3B}
	EndGlobalSection
	GlobalSection(ExtensibilityGlobals) = postSolution
		SolutionGuid = {47C30795-9D5F-4DC6-862A-95C46ED17A01}
	EndGlobalSection
EndGlobal
